
Microsoft Visual Studio Solution File, Format Version 12.00
# Visual Studio Version 17
VisualStudioVersion = 17.14.36414.22
MinimumVisualStudioVersion = 10.0.40219.1
Project("{FAE04EC0-301F-11D3-BF4B-00C04F79EFBC}") = "Darwin.Application", "src\Darwin.Application\Darwin.Application.csproj", "{BB7C4A04-E5E4-479F-8BB1-832B8DB04AC3}"
EndProject
Project("{FAE04EC0-301F-11D3-BF4B-00C04F79EFBC}") = "Darwin.Domain", "src\Darwin.Domain\Darwin.Domain.csproj", "{382C818F-063B-4C4F-89C1-51C51DEA01C4}"
EndProject
Project("{FAE04EC0-301F-11D3-BF4B-00C04F79EFBC}") = "Darwin.Infrastructure", "src\Darwin.Infrastructure\Darwin.Infrastructure.csproj", "{B9E39C87-848F-449A-BCFE-C24E299AC2FA}"
EndProject
Project("{FAE04EC0-301F-11D3-BF4B-00C04F79EFBC}") = "Darwin.Shared", "src\Darwin.Shared\Darwin.Shared.csproj", "{B976DF74-D99A-4C21-9465-73450DF3F3A3}"
EndProject
Project("{FAE04EC0-301F-11D3-BF4B-00C04F79EFBC}") = "Darwin.Web", "src\Darwin.Web\Darwin.Web.csproj", "{74A4F4CE-D66B-4608-99E9-ACDEDC9807A4}"
EndProject
Project("{FAE04EC0-301F-11D3-BF4B-00C04F79EFBC}") = "Darwin.WebApi", "src\Darwin.WebApi\Darwin.WebApi.csproj", "{C7113437-7914-44EC-8ED1-6B541D1371A9}"
EndProject
Project("{FAE04EC0-301F-11D3-BF4B-00C04F79EFBC}") = "Darwin.Tests.Integration", "tests\Darwin.Tests.Integration\Darwin.Tests.Integration.csproj", "{28D4AD9E-C4F1-404A-827B-156BF73A7145}"
EndProject
Project("{FAE04EC0-301F-11D3-BF4B-00C04F79EFBC}") = "Darwin.Tests.Unit", "tests\Darwin.Tests.Unit\Darwin.Tests.Unit.csproj", "{27FB380C-F5D0-4463-937D-228150F233EE}"
EndProject
Project("{2150E333-8FDC-42A3-9474-1A3956D46DE8}") = "Docs", "Docs", "{02EA681E-C7D8-13C7-8484-4AC65E1B71E8}"
	ProjectSection(SolutionItems) = preProject
		BACKLOG.md = BACKLOG.md
		CONTRIBUTING.md = CONTRIBUTING.md
		howto-identity-access.md = howto-identity-access.md
		LICENSE.txt = LICENSE.txt
		README.md = README.md
	EndProjectSection
EndProject
Project("{2150E333-8FDC-42A3-9474-1A3956D46DE8}") = "Core", "Core", "{7D26A2DE-DB5C-4FCA-9733-8383115E8742}"
EndProject
Project("{2150E333-8FDC-42A3-9474-1A3956D46DE8}") = "Infrastructure", "Infrastructure", "{17B491E0-A6EF-40F4-9332-0C70172F608E}"
EndProject
Project("{2150E333-8FDC-42A3-9474-1A3956D46DE8}") = "Shared", "Shared", "{50217339-B357-4D58-924F-35C677FF57AF}"
EndProject
Project("{2150E333-8FDC-42A3-9474-1A3956D46DE8}") = "Test", "Test", "{9815139E-8243-449C-908E-618BD000BD33}"
EndProject
Project("{2150E333-8FDC-42A3-9474-1A3956D46DE8}") = "Web", "Web", "{FAF55BFA-5C5A-4856-A0F4-22D7921EE56C}"
EndProject
Project("{2150E333-8FDC-42A3-9474-1A3956D46DE8}") = "Worker", "Worker", "{853F1075-33A3-47FF-BC9E-BFB259D4C494}"
EndProject
Project("{FAE04EC0-301F-11D3-BF4B-00C04F79EFBC}") = "Darwin.Worker", "src\Darwin.Worker\Darwin.Worker.csproj", "{7CF95E9D-E349-4019-97AA-DBBFD491BF0D}"
EndProject
Project("{2150E333-8FDC-42A3-9474-1A3956D46DE8}") = "Solution Items", "Solution Items", "{8EC462FD-D22E-90A8-E5CE-7E832BA40C5D}"
	ProjectSection(SolutionItems) = preProject
		.gitattributes = .gitattributes
		.gitignore = .gitignore
		Darwin.MobileOnly.slnf = Darwin.MobileOnly.slnf
		Darwin.WebOnly.slnf = Darwin.WebOnly.slnf
	EndProjectSection
EndProject
Project("{2150E333-8FDC-42A3-9474-1A3956D46DE8}") = "Mobile", "Mobile", "{19DD8962-0A65-48C1-90EF-DA11158FCFAC}"
EndProject
Project("{FAE04EC0-301F-11D3-BF4B-00C04F79EFBC}") = "Darwin.Contracts", "src\Darwin.Contracts\Darwin.Contracts.csproj", "{8890EDE9-8377-465D-BCBC-380B38E890B9}"
EndProject
Project("{FAE04EC0-301F-11D3-BF4B-00C04F79EFBC}") = "Darwin.Mobile.Shared", "src\Darwin.Mobile.Shared\Darwin.Mobile.Shared.csproj", "{96C1E275-3097-4F53-A72A-CA69FA435158}"
EndProject
Global
	GlobalSection(SolutionConfigurationPlatforms) = preSolution
		Debug|Any CPU = Debug|Any CPU
		Release|Any CPU = Release|Any CPU
	EndGlobalSection
	GlobalSection(ProjectConfigurationPlatforms) = postSolution
		{BB7C4A04-E5E4-479F-8BB1-832B8DB04AC3}.Debug|Any CPU.ActiveCfg = Debug|Any CPU
		{BB7C4A04-E5E4-479F-8BB1-832B8DB04AC3}.Debug|Any CPU.Build.0 = Debug|Any CPU
		{BB7C4A04-E5E4-479F-8BB1-832B8DB04AC3}.Release|Any CPU.ActiveCfg = Release|Any CPU
		{BB7C4A04-E5E4-479F-8BB1-832B8DB04AC3}.Release|Any CPU.Build.0 = Release|Any CPU
		{382C818F-063B-4C4F-89C1-51C51DEA01C4}.Debug|Any CPU.ActiveCfg = Debug|Any CPU
		{382C818F-063B-4C4F-89C1-51C51DEA01C4}.Debug|Any CPU.Build.0 = Debug|Any CPU
		{382C818F-063B-4C4F-89C1-51C51DEA01C4}.Release|Any CPU.ActiveCfg = Release|Any CPU
		{382C818F-063B-4C4F-89C1-51C51DEA01C4}.Release|Any CPU.Build.0 = Release|Any CPU
		{B9E39C87-848F-449A-BCFE-C24E299AC2FA}.Debug|Any CPU.ActiveCfg = Debug|Any CPU
		{B9E39C87-848F-449A-BCFE-C24E299AC2FA}.Debug|Any CPU.Build.0 = Debug|Any CPU
		{B9E39C87-848F-449A-BCFE-C24E299AC2FA}.Release|Any CPU.ActiveCfg = Release|Any CPU
		{B9E39C87-848F-449A-BCFE-C24E299AC2FA}.Release|Any CPU.Build.0 = Release|Any CPU
		{B976DF74-D99A-4C21-9465-73450DF3F3A3}.Debug|Any CPU.ActiveCfg = Debug|Any CPU
		{B976DF74-D99A-4C21-9465-73450DF3F3A3}.Debug|Any CPU.Build.0 = Debug|Any CPU
		{B976DF74-D99A-4C21-9465-73450DF3F3A3}.Release|Any CPU.ActiveCfg = Release|Any CPU
		{B976DF74-D99A-4C21-9465-73450DF3F3A3}.Release|Any CPU.Build.0 = Release|Any CPU
		{74A4F4CE-D66B-4608-99E9-ACDEDC9807A4}.Debug|Any CPU.ActiveCfg = Debug|Any CPU
		{74A4F4CE-D66B-4608-99E9-ACDEDC9807A4}.Debug|Any CPU.Build.0 = Debug|Any CPU
		{74A4F4CE-D66B-4608-99E9-ACDEDC9807A4}.Release|Any CPU.ActiveCfg = Release|Any CPU
		{74A4F4CE-D66B-4608-99E9-ACDEDC9807A4}.Release|Any CPU.Build.0 = Release|Any CPU
		{C7113437-7914-44EC-8ED1-6B541D1371A9}.Debug|Any CPU.ActiveCfg = Debug|Any CPU
		{C7113437-7914-44EC-8ED1-6B541D1371A9}.Debug|Any CPU.Build.0 = Debug|Any CPU
		{C7113437-7914-44EC-8ED1-6B541D1371A9}.Release|Any CPU.ActiveCfg = Release|Any CPU
		{C7113437-7914-44EC-8ED1-6B541D1371A9}.Release|Any CPU.Build.0 = Release|Any CPU
		{28D4AD9E-C4F1-404A-827B-156BF73A7145}.Debug|Any CPU.ActiveCfg = Debug|Any CPU
		{28D4AD9E-C4F1-404A-827B-156BF73A7145}.Debug|Any CPU.Build.0 = Debug|Any CPU
		{28D4AD9E-C4F1-404A-827B-156BF73A7145}.Release|Any CPU.ActiveCfg = Release|Any CPU
		{28D4AD9E-C4F1-404A-827B-156BF73A7145}.Release|Any CPU.Build.0 = Release|Any CPU
		{27FB380C-F5D0-4463-937D-228150F233EE}.Debug|Any CPU.ActiveCfg = Debug|Any CPU
		{27FB380C-F5D0-4463-937D-228150F233EE}.Debug|Any CPU.Build.0 = Debug|Any CPU
		{27FB380C-F5D0-4463-937D-228150F233EE}.Release|Any CPU.ActiveCfg = Release|Any CPU
		{27FB380C-F5D0-4463-937D-228150F233EE}.Release|Any CPU.Build.0 = Release|Any CPU
		{7CF95E9D-E349-4019-97AA-DBBFD491BF0D}.Debug|Any CPU.ActiveCfg = Debug|Any CPU
		{7CF95E9D-E349-4019-97AA-DBBFD491BF0D}.Debug|Any CPU.Build.0 = Debug|Any CPU
		{7CF95E9D-E349-4019-97AA-DBBFD491BF0D}.Release|Any CPU.ActiveCfg = Release|Any CPU
		{7CF95E9D-E349-4019-97AA-DBBFD491BF0D}.Release|Any CPU.Build.0 = Release|Any CPU
		{8890EDE9-8377-465D-BCBC-380B38E890B9}.Debug|Any CPU.ActiveCfg = Debug|Any CPU
		{8890EDE9-8377-465D-BCBC-380B38E890B9}.Debug|Any CPU.Build.0 = Debug|Any CPU
		{8890EDE9-8377-465D-BCBC-380B38E890B9}.Release|Any CPU.ActiveCfg = Release|Any CPU
		{8890EDE9-8377-465D-BCBC-380B38E890B9}.Release|Any CPU.Build.0 = Release|Any CPU
		{96C1E275-3097-4F53-A72A-CA69FA435158}.Debug|Any CPU.ActiveCfg = Debug|Any CPU
		{96C1E275-3097-4F53-A72A-CA69FA435158}.Debug|Any CPU.Build.0 = Debug|Any CPU
		{96C1E275-3097-4F53-A72A-CA69FA435158}.Release|Any CPU.ActiveCfg = Release|Any CPU
		{96C1E275-3097-4F53-A72A-CA69FA435158}.Release|Any CPU.Build.0 = Release|Any CPU
	EndGlobalSection
	GlobalSection(SolutionProperties) = preSolution
		HideSolutionNode = FALSE
	EndGlobalSection
	GlobalSection(NestedProjects) = preSolution
		{BB7C4A04-E5E4-479F-8BB1-832B8DB04AC3} = {7D26A2DE-DB5C-4FCA-9733-8383115E8742}
		{382C818F-063B-4C4F-89C1-51C51DEA01C4} = {7D26A2DE-DB5C-4FCA-9733-8383115E8742}
		{B9E39C87-848F-449A-BCFE-C24E299AC2FA} = {17B491E0-A6EF-40F4-9332-0C70172F608E}
		{B976DF74-D99A-4C21-9465-73450DF3F3A3} = {50217339-B357-4D58-924F-35C677FF57AF}
		{74A4F4CE-D66B-4608-99E9-ACDEDC9807A4} = {FAF55BFA-5C5A-4856-A0F4-22D7921EE56C}
		{C7113437-7914-44EC-8ED1-6B541D1371A9} = {FAF55BFA-5C5A-4856-A0F4-22D7921EE56C}
		{28D4AD9E-C4F1-404A-827B-156BF73A7145} = {9815139E-8243-449C-908E-618BD000BD33}
		{27FB380C-F5D0-4463-937D-228150F233EE} = {9815139E-8243-449C-908E-618BD000BD33}
		{7CF95E9D-E349-4019-97AA-DBBFD491BF0D} = {853F1075-33A3-47FF-BC9E-BFB259D4C494}
		{8890EDE9-8377-465D-BCBC-380B38E890B9} = {7D26A2DE-DB5C-4FCA-9733-8383115E8742}
		{96C1E275-3097-4F53-A72A-CA69FA435158} = {19DD8962-0A65-48C1-90EF-DA11158FCFAC}
	EndGlobalSection
	GlobalSection(ExtensibilityGlobals) = postSolution
		SolutionGuid = {14EF492C-6C72-429B-A2BE-3FC3BB81356B}
	EndGlobalSection
EndGlobal
